
Microsoft Visual Studio Solution File, Format Version 12.00
# Visual Studio Version 17
VisualStudioVersion = 17.11.35312.102
MinimumVisualStudioVersion = 10.0.40219.1
Project("{FAE04EC0-301F-11D3-BF4B-00C04F79EFBC}") = "EKART – AN ECOMMERCE APPLICATION", "EKART – AN ECOMMERCE APPLICATION\EKART – AN ECOMMERCE APPLICATION.csproj", "{0988F67B-F652-4EA6-A0A1-0E7073E5D03E}"
EndProject
Global
	GlobalSection(SolutionConfigurationPlatforms) = preSolution
		Debug|Any CPU = Debug|Any CPU
		Release|Any CPU = Release|Any CPU
	EndGlobalSection
	GlobalSection(ProjectConfigurationPlatforms) = postSolution
		{0988F67B-F652-4EA6-A0A1-0E7073E5D03E}.Debug|Any CPU.ActiveCfg = Debug|Any CPU
		{0988F67B-F652-4EA6-A0A1-0E7073E5D03E}.Debug|Any CPU.Build.0 = Debug|Any CPU
		{0988F67B-F652-4EA6-A0A1-0E7073E5D03E}.Release|Any CPU.ActiveCfg = Release|Any CPU
		{0988F67B-F652-4EA6-A0A1-0E7073E5D03E}.Release|Any CPU.Build.0 = Release|Any CPU
	EndGlobalSection
	GlobalSection(SolutionProperties) = preSolution
		HideSolutionNode = FALSE
	EndGlobalSection
	GlobalSection(ExtensibilityGlobals) = postSolution
		SolutionGuid = {82793634-9E53-4D77-AA34-DD3CE0F69231}
	EndGlobalSection
EndGlobal
